
Microsoft Visual Studio Solution File, Format Version 12.00
# Visual Studio Version 16
VisualStudioVersion = 16.0.29709.97
MinimumVisualStudioVersion = 10.0.40219.1
Project("{FAE04EC0-301F-11D3-BF4B-00C04F79EFBC}") = "TradeSystem", "TradeSystem\TradeSystem.csproj", "{C05A6F74-8D45-4F95-A6A7-BE69D76DFF0B}"
EndProject
Global
	GlobalSection(SolutionConfigurationPlatforms) = preSolution
		Debug|Any CPU = Debug|Any CPU
		Release|Any CPU = Release|Any CPU
	EndGlobalSection
	GlobalSection(ProjectConfigurationPlatforms) = postSolution
		{C05A6F74-8D45-4F95-A6A7-BE69D76DFF0B}.Debug|Any CPU.ActiveCfg = Debug|Any CPU
		{C05A6F74-8D45-4F95-A6A7-BE69D76DFF0B}.Debug|Any CPU.Build.0 = Debug|Any CPU
		{C05A6F74-8D45-4F95-A6A7-BE69D76DFF0B}.Release|Any CPU.ActiveCfg = Release|Any CPU
		{C05A6F74-8D45-4F95-A6A7-BE69D76DFF0B}.Release|Any CPU.Build.0 = Release|Any CPU
	EndGlobalSection
	GlobalSection(SolutionProperties) = preSolution
		HideSolutionNode = FALSE
	EndGlobalSection
	GlobalSection(ExtensibilityGlobals) = postSolution
		SolutionGuid = {50A55E8D-2367-4F7B-93D7-DA6A2200B42E}
	EndGlobalSection
EndGlobal
