
Microsoft Visual Studio Solution File, Format Version 12.00
# Visual Studio Version 17
VisualStudioVersion = 17.3.32901.215
MinimumVisualStudioVersion = 10.0.40219.1
Project("{9A19103F-16F7-4668-BE54-9A1E7A4F7556}") = "RonTools", "RonTools\RonTools.csproj", "{B792ECE5-D729-4CD1-8C58-D3B9F3D45531}"
EndProject
Project("{FAE04EC0-301F-11D3-BF4B-00C04F79EFBC}") = "Practice2019", "..\Practice2019\Practice2019\Practice2019.csproj", "{9E2A3F29-4C97-4821-89EB-CA881F38F6C1}"
EndProject
Global
	GlobalSection(SolutionConfigurationPlatforms) = preSolution
		Debug|Any CPU = Debug|Any CPU
		Release|Any CPU = Release|Any CPU
	EndGlobalSection
	GlobalSection(ProjectConfigurationPlatforms) = postSolution
		{B792ECE5-D729-4CD1-8C58-D3B9F3D45531}.Debug|Any CPU.ActiveCfg = Debug|Any CPU
		{B792ECE5-D729-4CD1-8C58-D3B9F3D45531}.Debug|Any CPU.Build.0 = Debug|Any CPU
		{B792ECE5-D729-4CD1-8C58-D3B9F3D45531}.Release|Any CPU.ActiveCfg = Release|Any CPU
		{B792ECE5-D729-4CD1-8C58-D3B9F3D45531}.Release|Any CPU.Build.0 = Release|Any CPU
		{9E2A3F29-4C97-4821-89EB-CA881F38F6C1}.Debug|Any CPU.ActiveCfg = Debug|Any CPU
		{9E2A3F29-4C97-4821-89EB-CA881F38F6C1}.Debug|Any CPU.Build.0 = Debug|Any CPU
		{9E2A3F29-4C97-4821-89EB-CA881F38F6C1}.Release|Any CPU.ActiveCfg = Release|Any CPU
		{9E2A3F29-4C97-4821-89EB-CA881F38F6C1}.Release|Any CPU.Build.0 = Release|Any CPU
	EndGlobalSection
	GlobalSection(SolutionProperties) = preSolution
		HideSolutionNode = FALSE
	EndGlobalSection
	GlobalSection(ExtensibilityGlobals) = postSolution
		SolutionGuid = {2876C3C7-1C63-49C7-86EB-DCCE5C773AC3}
	EndGlobalSection
EndGlobal
