
Microsoft Visual Studio Solution File, Format Version 12.00
# Visual Studio Version 16
VisualStudioVersion = 16.0.29709.97
MinimumVisualStudioVersion = 10.0.40219.1
Project("{FAE04EC0-301F-11D3-BF4B-00C04F79EFBC}") = "ItemSystem", "ItemSystem\ItemSystem.csproj", "{9C2BC275-ECA9-4DC5-9D67-A27CCE1C44E5}"
EndProject
Global
	GlobalSection(SolutionConfigurationPlatforms) = preSolution
		Debug|Any CPU = Debug|Any CPU
		Release|Any CPU = Release|Any CPU
	EndGlobalSection
	GlobalSection(ProjectConfigurationPlatforms) = postSolution
		{9C2BC275-ECA9-4DC5-9D67-A27CCE1C44E5}.Debug|Any CPU.ActiveCfg = Debug|Any CPU
		{9C2BC275-ECA9-4DC5-9D67-A27CCE1C44E5}.Debug|Any CPU.Build.0 = Debug|Any CPU
		{9C2BC275-ECA9-4DC5-9D67-A27CCE1C44E5}.Release|Any CPU.ActiveCfg = Release|Any CPU
		{9C2BC275-ECA9-4DC5-9D67-A27CCE1C44E5}.Release|Any CPU.Build.0 = Release|Any CPU
	EndGlobalSection
	GlobalSection(SolutionProperties) = preSolution
		HideSolutionNode = FALSE
	EndGlobalSection
	GlobalSection(ExtensibilityGlobals) = postSolution
		SolutionGuid = {980D28F4-95EA-4F65-91ED-02F596CA3182}
	EndGlobalSection
EndGlobal
