
Microsoft Visual Studio Solution File, Format Version 12.00
# Visual Studio Version 17
VisualStudioVersion = 17.2.32630.192
MinimumVisualStudioVersion = 10.0.40219.1
Project("{FAE04EC0-301F-11D3-BF4B-00C04F79EFBC}") = "RonUnity", "RonUnity\RonUnity.csproj", "{B45301C8-6329-4CFD-B0F2-70C8EDAA4A2C}"
EndProject
Global
	GlobalSection(SolutionConfigurationPlatforms) = preSolution
		Debug|Any CPU = Debug|Any CPU
		Release|Any CPU = Release|Any CPU
	EndGlobalSection
	GlobalSection(ProjectConfigurationPlatforms) = postSolution
		{B45301C8-6329-4CFD-B0F2-70C8EDAA4A2C}.Debug|Any CPU.ActiveCfg = Debug|Any CPU
		{B45301C8-6329-4CFD-B0F2-70C8EDAA4A2C}.Debug|Any CPU.Build.0 = Debug|Any CPU
		{B45301C8-6329-4CFD-B0F2-70C8EDAA4A2C}.Release|Any CPU.ActiveCfg = Release|Any CPU
		{B45301C8-6329-4CFD-B0F2-70C8EDAA4A2C}.Release|Any CPU.Build.0 = Release|Any CPU
	EndGlobalSection
	GlobalSection(SolutionProperties) = preSolution
		HideSolutionNode = FALSE
	EndGlobalSection
	GlobalSection(ExtensibilityGlobals) = postSolution
		SolutionGuid = {4C70D721-3C03-4073-A0A7-67781E893A4D}
	EndGlobalSection
EndGlobal
