
Microsoft Visual Studio Solution File, Format Version 12.00
# Visual Studio Version 16
VisualStudioVersion = 16.0.29709.97
MinimumVisualStudioVersion = 10.0.40219.1
Project("{FAE04EC0-301F-11D3-BF4B-00C04F79EFBC}") = "MobAISystem", "MobAISystem\MobAISystem.csproj", "{1FD1EB00-6FAE-4727-8EE1-3AF1BCC3862E}"
EndProject
Global
	GlobalSection(SolutionConfigurationPlatforms) = preSolution
		Debug|Any CPU = Debug|Any CPU
		Release|Any CPU = Release|Any CPU
	EndGlobalSection
	GlobalSection(ProjectConfigurationPlatforms) = postSolution
		{1FD1EB00-6FAE-4727-8EE1-3AF1BCC3862E}.Debug|Any CPU.ActiveCfg = Debug|Any CPU
		{1FD1EB00-6FAE-4727-8EE1-3AF1BCC3862E}.Debug|Any CPU.Build.0 = Debug|Any CPU
		{1FD1EB00-6FAE-4727-8EE1-3AF1BCC3862E}.Release|Any CPU.ActiveCfg = Release|Any CPU
		{1FD1EB00-6FAE-4727-8EE1-3AF1BCC3862E}.Release|Any CPU.Build.0 = Release|Any CPU
	EndGlobalSection
	GlobalSection(SolutionProperties) = preSolution
		HideSolutionNode = FALSE
	EndGlobalSection
	GlobalSection(ExtensibilityGlobals) = postSolution
		SolutionGuid = {C105D3C9-32C1-46CE-8A72-DE464A65A4CC}
	EndGlobalSection
EndGlobal
